<?xml version="1.0" encoding="utf-8"?>
<Project ToolsVersion="4.0" xmlns="http://schemas.microsoft.com/developer/msbuild/2003">
  <ItemGroup>
    <Filter Include="Source Files">
      <UniqueIdentifier>{4FC737F1-C7A5-4376-A066-2A32D752A2FF}</UniqueIdentifier>
      <Extensions>cpp;c;cc;cxx;def;odl;idl;hpj;bat;asm;asmx</Extensions>
    </Filter>
    <Filter Include="Header Files">
      <UniqueIdentifier>{93995380-89BD-4b04-88EB-625FBE52EBFB}</UniqueIdentifier>
      <Extensions>h;hh;hpp;hxx;hm;inl;inc;ipp;xsd</Extensions>
    </Filter>
    <Filter Include="Resource Files">
      <UniqueIdentifier>{67DA6AB6-F800-4c08-8B7A-83BB121AAD01}</UniqueIdentifier>
      <Extensions>rc;ico;cur;bmp;dlg;rc2;rct;bin;rgs;gif;jpg;jpeg;jpe;resx;tiff;tif;png;wav;mfcribbon-ms</Extensions>
    </Filter>
  </ItemGroup>
  <ItemGroup>
    <ClInclude Include="EM.hpp">
      <Filter>Header Files</Filter>
    </ClInclude>
    <ClInclude Include="dll.hpp">
      <Filter>Header Files</Filter>
    </ClInclude>
    <ClInclude Include="DecisionTree.hpp">
      <Filter>Header Files</Filter>
    </ClInclude>
    <ClInclude Include="Statistics.hpp">
      <Filter>Header Files</Filter>
    </ClInclude>
    <ClInclude Include="Crossvalidation.hpp">
      <Filter>Header Files</Filter>
    </ClInclude>
    <ClInclude Include="DecisionTreeNodes.hpp">
      <Filter>Header Files</Filter>
    </ClInclude>
    <ClInclude Include="Clustering.hpp">
      <Filter>Header Files</Filter>
    </ClInclude>
    <ClInclude Include="DecisionTrees.hpp">
      <Filter>Header Files</Filter>
    </ClInclude>
    <ClInclude Include="LinearRegression.hpp">
      <Filter>Header Files</Filter>
    </ClInclude>
    <ClInclude Include="Version.hpp">
      <Filter>Header Files</Filter>
    </ClInclude>
    <ClInclude Include="RecursiveMultivariateOLS.hpp">
      <Filter>Header Files</Filter>
    </ClInclude>
    <ClInclude Include="doc.hpp">
      <Filter>Header Files</Filter>
    </ClInclude>
    <ClInclude Include="LinearAlgebra.hpp">
      <Filter>Header Files</Filter>
    </ClInclude>
    <ClInclude Include="Kernels.hpp">
      <Filter>Header Files</Filter>
    </ClInclude>
    <ClInclude Include="BallTree.hpp">
      <Filter>Header Files</Filter>
    </ClInclude>
    <ClInclude Include="Features.hpp">
      <Filter>Header Files</Filter>
    </ClInclude>
    <ClInclude Include="KMeans.hpp">
      <Filter>Header Files</Filter>
    </ClInclude>
  </ItemGroup>
  <ItemGroup>
    <ClCompile Include="EM.cpp">
      <Filter>Source Files</Filter>
    </ClCompile>
    <ClCompile Include="Crossvalidation.cpp">
      <Filter>Source Files</Filter>
    </ClCompile>
    <ClCompile Include="Clustering.cpp">
      <Filter>Source Files</Filter>
    </ClCompile>
    <ClCompile Include="DecisionTrees.cpp">
      <Filter>Source Files</Filter>
    </ClCompile>
    <ClCompile Include="LinearRegression.cpp">
      <Filter>Source Files</Filter>
    </ClCompile>
    <ClCompile Include="Statistics.cpp">
      <Filter>Source Files</Filter>
    </ClCompile>
    <ClCompile Include="RecursiveMultivariateOLS.cpp">
      <Filter>Source Files</Filter>
    </ClCompile>
    <ClCompile Include="LinearAlgebra.cpp">
      <Filter>Source Files</Filter>
    </ClCompile>
    <ClCompile Include="Kernels.cpp">
      <Filter>Source Files</Filter>
    </ClCompile>
    <ClCompile Include="BallTree.cpp">
      <Filter>Source Files</Filter>
    </ClCompile>
    <ClCompile Include="Features.cpp">
      <Filter>Source Files</Filter>
    </ClCompile>
    <ClCompile Include="KMeans.cpp">
      <Filter>Source Files</Filter>
    </ClCompile>
  </ItemGroup>
  <ItemGroup>
    <None Include="SConscript" />
  </ItemGroup>
</Project>