
Microsoft Visual Studio Solution File, Format Version 12.00
# Visual Studio Version 16
VisualStudioVersion = 16.0.29411.108
MinimumVisualStudioVersion = 10.0.40219.1
Project("{8BC9CEB8-8B4A-11D0-8D11-00A0C91BC942}") = "ML", "ML\ML.vcxproj", "{74134C42-057A-4653-8391-C15485C7EC12}"
EndProject
Project("{8BC9CEB8-8B4A-11D0-8D11-00A0C91BC942}") = "Tests", "Tests\Tests.vcxproj", "{3173AF79-8013-4D5E-AD00-A1D80280C84F}"
EndProject
Project("{8BC9CEB8-8B4A-11D0-8D11-00A0C91BC942}") = "Demo", "Demo\Demo.vcxproj", "{BCE2B69A-ACFB-4985-A09D-2F6FBD68D769}"
EndProject
Project("{8BC9CEB8-8B4A-11D0-8D11-00A0C91BC942}") = "Benchmarks", "Benchmarks\Benchmarks.vcxproj", "{6C644C16-A00C-4A85-A188-89858632E87E}"
EndProject
Project("{2150E333-8FDC-42A3-9474-1A3956D46DE8}") = "Solution Items", "Solution Items", "{F8C3EA91-4CE0-41D4-A366-E7A7BF7DE880}"
	ProjectSection(SolutionItems) = preProject
		.gitignore = .gitignore
		.travis.yml = .travis.yml
		benchmark-Windows.txt = benchmark-Windows.txt
		ci_build.sh = ci_build.sh
		ci_dependencies.sh = ci_dependencies.sh
		LICENSE = LICENSE
		README.md = README.md
		SConstruct = SConstruct
		ubuntu_required_packages.txt = ubuntu_required_packages.txt
	EndProjectSection
EndProject
Project("{8BC9CEB8-8B4A-11D0-8D11-00A0C91BC942}") = "cppyml", "cppyml\cppyml.vcxproj", "{54C9836C-51BD-4E2A-B4C1-0F4C8A76CA64}"
EndProject
Project("{8BC9CEB8-8B4A-11D0-8D11-00A0C91BC942}") = "gtest", "googletest\build\gtest.vcxproj", "{01635AC7-6106-38C7-AF84-47C4C972B55A}"
EndProject
Project("{2150E333-8FDC-42A3-9474-1A3956D46DE8}") = "docs", "docs", "{AAC07B84-0EFE-492B-A7F1-2DA5B40D5BE9}"
	ProjectSection(SolutionItems) = preProject
		docs\cppyml.md = docs\cppyml.md
		docs\index.md = docs\index.md
	EndProjectSection
EndProject
Project("{2150E333-8FDC-42A3-9474-1A3956D46DE8}") = "scripts", "scripts", "{D2DB1DD7-90DA-4840-A39F-7BF57D47E6F9}"
	ProjectSection(SolutionItems) = preProject
		scripts\ci_debug_build.sh = scripts\ci_debug_build.sh
		scripts\ci_dependencies.sh = scripts\ci_dependencies.sh
		scripts\ci_release_build.sh = scripts\ci_release_build.sh
	EndProjectSection
EndProject
Global
	GlobalSection(SolutionConfigurationPlatforms) = preSolution
		Debug|x64 = Debug|x64
		MinSizeRel|x64 = MinSizeRel|x64
		Release|x64 = Release|x64
		RelWithDebInfo|x64 = RelWithDebInfo|x64
	EndGlobalSection
	GlobalSection(ProjectConfigurationPlatforms) = postSolution
		{74134C42-057A-4653-8391-C15485C7EC12}.Debug|x64.ActiveCfg = Debug|x64
		{74134C42-057A-4653-8391-C15485C7EC12}.Debug|x64.Build.0 = Debug|x64
		{74134C42-057A-4653-8391-C15485C7EC12}.MinSizeRel|x64.ActiveCfg = Release|x64
		{74134C42-057A-4653-8391-C15485C7EC12}.MinSizeRel|x64.Build.0 = Release|x64
		{74134C42-057A-4653-8391-C15485C7EC12}.Release|x64.ActiveCfg = Release|x64
		{74134C42-057A-4653-8391-C15485C7EC12}.Release|x64.Build.0 = Release|x64
		{74134C42-057A-4653-8391-C15485C7EC12}.RelWithDebInfo|x64.ActiveCfg = Release|x64
		{74134C42-057A-4653-8391-C15485C7EC12}.RelWithDebInfo|x64.Build.0 = Release|x64
		{3173AF79-8013-4D5E-AD00-A1D80280C84F}.Debug|x64.ActiveCfg = Debug|x64
		{3173AF79-8013-4D5E-AD00-A1D80280C84F}.Debug|x64.Build.0 = Debug|x64
		{3173AF79-8013-4D5E-AD00-A1D80280C84F}.MinSizeRel|x64.ActiveCfg = Release|x64
		{3173AF79-8013-4D5E-AD00-A1D80280C84F}.MinSizeRel|x64.Build.0 = Release|x64
		{3173AF79-8013-4D5E-AD00-A1D80280C84F}.Release|x64.ActiveCfg = Release|x64
		{3173AF79-8013-4D5E-AD00-A1D80280C84F}.RelWithDebInfo|x64.ActiveCfg = Release|x64
		{3173AF79-8013-4D5E-AD00-A1D80280C84F}.RelWithDebInfo|x64.Build.0 = Release|x64
		{BCE2B69A-ACFB-4985-A09D-2F6FBD68D769}.Debug|x64.ActiveCfg = Debug|x64
		{BCE2B69A-ACFB-4985-A09D-2F6FBD68D769}.Debug|x64.Build.0 = Debug|x64
		{BCE2B69A-ACFB-4985-A09D-2F6FBD68D769}.MinSizeRel|x64.ActiveCfg = Release|x64
		{BCE2B69A-ACFB-4985-A09D-2F6FBD68D769}.MinSizeRel|x64.Build.0 = Release|x64
		{BCE2B69A-ACFB-4985-A09D-2F6FBD68D769}.Release|x64.ActiveCfg = Release|x64
		{BCE2B69A-ACFB-4985-A09D-2F6FBD68D769}.Release|x64.Build.0 = Release|x64
		{BCE2B69A-ACFB-4985-A09D-2F6FBD68D769}.RelWithDebInfo|x64.ActiveCfg = Release|x64
		{BCE2B69A-ACFB-4985-A09D-2F6FBD68D769}.RelWithDebInfo|x64.Build.0 = Release|x64
		{6C644C16-A00C-4A85-A188-89858632E87E}.Debug|x64.ActiveCfg = Debug|x64
		{6C644C16-A00C-4A85-A188-89858632E87E}.MinSizeRel|x64.ActiveCfg = Release|x64
		{6C644C16-A00C-4A85-A188-89858632E87E}.MinSizeRel|x64.Build.0 = Release|x64
		{6C644C16-A00C-4A85-A188-89858632E87E}.Release|x64.ActiveCfg = Release|x64
		{6C644C16-A00C-4A85-A188-89858632E87E}.Release|x64.Build.0 = Release|x64
		{6C644C16-A00C-4A85-A188-89858632E87E}.RelWithDebInfo|x64.ActiveCfg = Release|x64
		{6C644C16-A00C-4A85-A188-89858632E87E}.RelWithDebInfo|x64.Build.0 = Release|x64
		{54C9836C-51BD-4E2A-B4C1-0F4C8A76CA64}.Debug|x64.ActiveCfg = Debug|x64
		{54C9836C-51BD-4E2A-B4C1-0F4C8A76CA64}.Debug|x64.Build.0 = Debug|x64
		{54C9836C-51BD-4E2A-B4C1-0F4C8A76CA64}.MinSizeRel|x64.ActiveCfg = Release|x64
		{54C9836C-51BD-4E2A-B4C1-0F4C8A76CA64}.MinSizeRel|x64.Build.0 = Release|x64
		{54C9836C-51BD-4E2A-B4C1-0F4C8A76CA64}.Release|x64.ActiveCfg = Release|x64
		{54C9836C-51BD-4E2A-B4C1-0F4C8A76CA64}.Release|x64.Build.0 = Release|x64
		{54C9836C-51BD-4E2A-B4C1-0F4C8A76CA64}.RelWithDebInfo|x64.ActiveCfg = Release|x64
		{54C9836C-51BD-4E2A-B4C1-0F4C8A76CA64}.RelWithDebInfo|x64.Build.0 = Release|x64
		{01635AC7-6106-38C7-AF84-47C4C972B55A}.Debug|x64.ActiveCfg = Debug|x64
		{01635AC7-6106-38C7-AF84-47C4C972B55A}.Debug|x64.Build.0 = Debug|x64
		{01635AC7-6106-38C7-AF84-47C4C972B55A}.MinSizeRel|x64.ActiveCfg = MinSizeRel|x64
		{01635AC7-6106-38C7-AF84-47C4C972B55A}.MinSizeRel|x64.Build.0 = MinSizeRel|x64
		{01635AC7-6106-38C7-AF84-47C4C972B55A}.Release|x64.ActiveCfg = Release|x64
		{01635AC7-6106-38C7-AF84-47C4C972B55A}.RelWithDebInfo|x64.ActiveCfg = RelWithDebInfo|x64
		{01635AC7-6106-38C7-AF84-47C4C972B55A}.RelWithDebInfo|x64.Build.0 = RelWithDebInfo|x64
	EndGlobalSection
	GlobalSection(SolutionProperties) = preSolution
		HideSolutionNode = FALSE
	EndGlobalSection
	GlobalSection(NestedProjects) = preSolution
		{AAC07B84-0EFE-492B-A7F1-2DA5B40D5BE9} = {F8C3EA91-4CE0-41D4-A366-E7A7BF7DE880}
		{D2DB1DD7-90DA-4840-A39F-7BF57D47E6F9} = {F8C3EA91-4CE0-41D4-A366-E7A7BF7DE880}
	EndGlobalSection
	GlobalSection(ExtensibilityGlobals) = postSolution
		SolutionGuid = {78EF6927-9462-4C40-8A49-38F2C839C6B8}
	EndGlobalSection
EndGlobal
