
Microsoft Visual Studio Solution File, Format Version 12.00
# Visual Studio Version 16
VisualStudioVersion = 16.0.29411.108
MinimumVisualStudioVersion = 10.0.40219.1
Project("{8BC9CEB8-8B4A-11D0-8D11-00A0C91BC942}") = "ML", "ML\ML.vcxproj", "{74134C42-057A-4653-8391-C15485C7EC12}"
EndProject
Project("{8BC9CEB8-8B4A-11D0-8D11-00A0C91BC942}") = "Tests", "Tests\Tests.vcxproj", "{3173AF79-8013-4D5E-AD00-A1D80280C84F}"
EndProject
Project("{8BC9CEB8-8B4A-11D0-8D11-00A0C91BC942}") = "Demo", "Demo\Demo.vcxproj", "{BCE2B69A-ACFB-4985-A09D-2F6FBD68D769}"
EndProject
Project("{8BC9CEB8-8B4A-11D0-8D11-00A0C91BC942}") = "Benchmarks", "Benchmarks\Benchmarks.vcxproj", "{6C644C16-A00C-4A85-A188-89858632E87E}"
EndProject
Project("{2150E333-8FDC-42A3-9474-1A3956D46DE8}") = "Solution Items", "Solution Items", "{F8C3EA91-4CE0-41D4-A366-E7A7BF7DE880}"
	ProjectSection(SolutionItems) = preProject
		benchmark.txt = benchmark.txt
	EndProjectSection
EndProject
Project("{8BC9CEB8-8B4A-11D0-8D11-00A0C91BC942}") = "ProceduralAPI", "ProceduralAPI\ProceduralAPI.vcxproj", "{A036FC06-B383-49D1-8D7F-0C8DC960CEFB}"
EndProject
Global
	GlobalSection(SolutionConfigurationPlatforms) = preSolution
		Debug|x64 = Debug|x64
		Debug|x86 = Debug|x86
		Release|x64 = Release|x64
		Release|x86 = Release|x86
	EndGlobalSection
	GlobalSection(ProjectConfigurationPlatforms) = postSolution
		{74134C42-057A-4653-8391-C15485C7EC12}.Debug|x64.ActiveCfg = Debug|x64
		{74134C42-057A-4653-8391-C15485C7EC12}.Debug|x64.Build.0 = Debug|x64
		{74134C42-057A-4653-8391-C15485C7EC12}.Debug|x86.ActiveCfg = Debug|x64
		{74134C42-057A-4653-8391-C15485C7EC12}.Debug|x86.Build.0 = Debug|x64
		{74134C42-057A-4653-8391-C15485C7EC12}.Release|x64.ActiveCfg = Release|x64
		{74134C42-057A-4653-8391-C15485C7EC12}.Release|x64.Build.0 = Release|x64
		{74134C42-057A-4653-8391-C15485C7EC12}.Release|x86.ActiveCfg = Release|x64
		{74134C42-057A-4653-8391-C15485C7EC12}.Release|x86.Build.0 = Release|x64
		{3173AF79-8013-4D5E-AD00-A1D80280C84F}.Debug|x64.ActiveCfg = Debug|x64
		{3173AF79-8013-4D5E-AD00-A1D80280C84F}.Debug|x64.Build.0 = Debug|x64
		{3173AF79-8013-4D5E-AD00-A1D80280C84F}.Debug|x86.ActiveCfg = Debug|x64
		{3173AF79-8013-4D5E-AD00-A1D80280C84F}.Debug|x86.Build.0 = Debug|x64
		{3173AF79-8013-4D5E-AD00-A1D80280C84F}.Release|x64.ActiveCfg = Release|x64
		{3173AF79-8013-4D5E-AD00-A1D80280C84F}.Release|x86.ActiveCfg = Release|x64
		{3173AF79-8013-4D5E-AD00-A1D80280C84F}.Release|x86.Build.0 = Release|x64
		{BCE2B69A-ACFB-4985-A09D-2F6FBD68D769}.Debug|x64.ActiveCfg = Debug|x64
		{BCE2B69A-ACFB-4985-A09D-2F6FBD68D769}.Debug|x64.Build.0 = Debug|x64
		{BCE2B69A-ACFB-4985-A09D-2F6FBD68D769}.Debug|x86.ActiveCfg = Debug|Win32
		{BCE2B69A-ACFB-4985-A09D-2F6FBD68D769}.Debug|x86.Build.0 = Debug|Win32
		{BCE2B69A-ACFB-4985-A09D-2F6FBD68D769}.Release|x64.ActiveCfg = Release|x64
		{BCE2B69A-ACFB-4985-A09D-2F6FBD68D769}.Release|x64.Build.0 = Release|x64
		{BCE2B69A-ACFB-4985-A09D-2F6FBD68D769}.Release|x86.ActiveCfg = Release|Win32
		{BCE2B69A-ACFB-4985-A09D-2F6FBD68D769}.Release|x86.Build.0 = Release|Win32
		{6C644C16-A00C-4A85-A188-89858632E87E}.Debug|x64.ActiveCfg = Debug|x64
		{6C644C16-A00C-4A85-A188-89858632E87E}.Debug|x86.ActiveCfg = Debug|Win32
		{6C644C16-A00C-4A85-A188-89858632E87E}.Debug|x86.Build.0 = Debug|Win32
		{6C644C16-A00C-4A85-A188-89858632E87E}.Release|x64.ActiveCfg = Release|x64
		{6C644C16-A00C-4A85-A188-89858632E87E}.Release|x64.Build.0 = Release|x64
		{6C644C16-A00C-4A85-A188-89858632E87E}.Release|x86.ActiveCfg = Release|Win32
		{6C644C16-A00C-4A85-A188-89858632E87E}.Release|x86.Build.0 = Release|Win32
		{A036FC06-B383-49D1-8D7F-0C8DC960CEFB}.Debug|x64.ActiveCfg = Debug|x64
		{A036FC06-B383-49D1-8D7F-0C8DC960CEFB}.Debug|x64.Build.0 = Debug|x64
		{A036FC06-B383-49D1-8D7F-0C8DC960CEFB}.Debug|x86.ActiveCfg = Debug|Win32
		{A036FC06-B383-49D1-8D7F-0C8DC960CEFB}.Debug|x86.Build.0 = Debug|Win32
		{A036FC06-B383-49D1-8D7F-0C8DC960CEFB}.Release|x64.ActiveCfg = Release|x64
		{A036FC06-B383-49D1-8D7F-0C8DC960CEFB}.Release|x64.Build.0 = Release|x64
		{A036FC06-B383-49D1-8D7F-0C8DC960CEFB}.Release|x86.ActiveCfg = Release|Win32
		{A036FC06-B383-49D1-8D7F-0C8DC960CEFB}.Release|x86.Build.0 = Release|Win32
	EndGlobalSection
	GlobalSection(SolutionProperties) = preSolution
		HideSolutionNode = FALSE
	EndGlobalSection
	GlobalSection(ExtensibilityGlobals) = postSolution
		SolutionGuid = {78EF6927-9462-4C40-8A49-38F2C839C6B8}
	EndGlobalSection
EndGlobal
