<?xml version="1.0" encoding="utf-8"?>
<Project ToolsVersion="4.0" xmlns="http://schemas.microsoft.com/developer/msbuild/2003">
  <ItemGroup>
    <Filter Include="Resource Files">
      <UniqueIdentifier>{67DA6AB6-F800-4c08-8B7A-83BB121AAD01}</UniqueIdentifier>
      <Extensions>rc;ico;cur;bmp;dlg;rc2;rct;bin;rgs;gif;jpg;jpeg;jpe;resx;tiff;tif;png;wav;mfcribbon-ms</Extensions>
    </Filter>
    <Filter Include="C++">
      <UniqueIdentifier>{ed720cf5-4a58-4f87-91e0-10c029ad3e77}</UniqueIdentifier>
    </Filter>
    <Filter Include="C++\Header Files">
      <UniqueIdentifier>{93995380-89BD-4b04-88EB-625FBE52EBFB}</UniqueIdentifier>
      <Extensions>h;hh;hpp;hxx;h++;hm;inl;inc;ipp;xsd</Extensions>
    </Filter>
    <Filter Include="C++\Source Files">
      <UniqueIdentifier>{4FC737F1-C7A5-4376-A066-2A32D752A2FF}</UniqueIdentifier>
      <Extensions>cpp;c;cc;cxx;c++;def;odl;idl;hpj;bat;asm;asmx</Extensions>
    </Filter>
    <Filter Include="Python">
      <UniqueIdentifier>{071b28cf-a39e-4275-867a-0f6ee855ab02}</UniqueIdentifier>
    </Filter>
    <Filter Include="Python\tests">
      <UniqueIdentifier>{e13969ba-b991-45fa-afd2-c86ee2e048d3}</UniqueIdentifier>
    </Filter>
  </ItemGroup>
  <ItemGroup>
    <ClCompile Include="clustering.cpp">
      <Filter>C++\Source Files</Filter>
    </ClCompile>
    <ClCompile Include="decision_trees.cpp">
      <Filter>C++\Source Files</Filter>
    </ClCompile>
    <ClCompile Include="linear_regression.cpp">
      <Filter>C++\Source Files</Filter>
    </ClCompile>
    <ClCompile Include="cppyml.cpp">
      <Filter>C++\Source Files</Filter>
    </ClCompile>
  </ItemGroup>
  <ItemGroup>
    <None Include="setup.py">
      <Filter>Python</Filter>
    </None>
    <None Include="tests\test_linear_regression.py">
      <Filter>Python\tests</Filter>
    </None>
    <None Include="SConscript" />
    <None Include="tests\test_decision_trees.py">
      <Filter>Python\tests</Filter>
    </None>
    <None Include="tests\test_clustering.py">
      <Filter>Python\tests</Filter>
    </None>
    <None Include="cppyml\__init__.py">
      <Filter>Python</Filter>
    </None>
  </ItemGroup>
  <ItemGroup>
    <ClInclude Include="types.hpp">
      <Filter>C++\Header Files</Filter>
    </ClInclude>
  </ItemGroup>
</Project>